
Microsoft Visual Studio Solution File, Format Version 12.00
# Visual Studio 2012
Project("{FAE04EC0-301F-11D3-BF4B-00C04F79EFBC}") = "01-4.3DCoordinate", "3DCoordinate\01-4.3DCoordinate.csproj", "{8AF20C01-9586-408E-8067-16702C95ED2C}"
EndProject
Project("{FAE04EC0-301F-11D3-BF4B-00C04F79EFBC}") = "05-7.GenericList", "GenericList\05-7.GenericList.csproj", "{890C69D9-D6D1-48FA-ACAD-96CF4418DC4F}"
EndProject
Project("{FAE04EC0-301F-11D3-BF4B-00C04F79EFBC}") = "08-10.Matrix(T)", "Matrix(T)\08-10.Matrix(T).csproj", "{07F2B148-7F08-4AEF-BD43-CAA5F64FCE2A}"
EndProject
Project("{FAE04EC0-301F-11D3-BF4B-00C04F79EFBC}") = "11.Version", "Version\11.Version.csproj", "{64C6BF13-38B7-46EA-8DB6-E18F508A88E6}"
EndProject
Global
	GlobalSection(SolutionConfigurationPlatforms) = preSolution
		Debug|Any CPU = Debug|Any CPU
		Release|Any CPU = Release|Any CPU
	EndGlobalSection
	GlobalSection(ProjectConfigurationPlatforms) = postSolution
		{8AF20C01-9586-408E-8067-16702C95ED2C}.Debug|Any CPU.ActiveCfg = Debug|Any CPU
		{8AF20C01-9586-408E-8067-16702C95ED2C}.Debug|Any CPU.Build.0 = Debug|Any CPU
		{8AF20C01-9586-408E-8067-16702C95ED2C}.Release|Any CPU.ActiveCfg = Release|Any CPU
		{8AF20C01-9586-408E-8067-16702C95ED2C}.Release|Any CPU.Build.0 = Release|Any CPU
		{890C69D9-D6D1-48FA-ACAD-96CF4418DC4F}.Debug|Any CPU.ActiveCfg = Debug|Any CPU
		{890C69D9-D6D1-48FA-ACAD-96CF4418DC4F}.Debug|Any CPU.Build.0 = Debug|Any CPU
		{890C69D9-D6D1-48FA-ACAD-96CF4418DC4F}.Release|Any CPU.ActiveCfg = Release|Any CPU
		{890C69D9-D6D1-48FA-ACAD-96CF4418DC4F}.Release|Any CPU.Build.0 = Release|Any CPU
		{07F2B148-7F08-4AEF-BD43-CAA5F64FCE2A}.Debug|Any CPU.ActiveCfg = Debug|Any CPU
		{07F2B148-7F08-4AEF-BD43-CAA5F64FCE2A}.Debug|Any CPU.Build.0 = Debug|Any CPU
		{07F2B148-7F08-4AEF-BD43-CAA5F64FCE2A}.Release|Any CPU.ActiveCfg = Release|Any CPU
		{07F2B148-7F08-4AEF-BD43-CAA5F64FCE2A}.Release|Any CPU.Build.0 = Release|Any CPU
		{64C6BF13-38B7-46EA-8DB6-E18F508A88E6}.Debug|Any CPU.ActiveCfg = Debug|Any CPU
		{64C6BF13-38B7-46EA-8DB6-E18F508A88E6}.Debug|Any CPU.Build.0 = Debug|Any CPU
		{64C6BF13-38B7-46EA-8DB6-E18F508A88E6}.Release|Any CPU.ActiveCfg = Release|Any CPU
		{64C6BF13-38B7-46EA-8DB6-E18F508A88E6}.Release|Any CPU.Build.0 = Release|Any CPU
	EndGlobalSection
	GlobalSection(SolutionProperties) = preSolution
		HideSolutionNode = FALSE
	EndGlobalSection
EndGlobal
