
Microsoft Visual Studio Solution File, Format Version 12.00
# Visual Studio 2012
Project("{FAE04EC0-301F-11D3-BF4B-00C04F79EFBC}") = "HtmlSemantic", "HtmlSemantic\HtmlSemantic.csproj", "{4273B0D4-611B-4449-889C-8D40A4D8817B}"
EndProject
Global
	GlobalSection(SolutionConfigurationPlatforms) = preSolution
		Debug|Any CPU = Debug|Any CPU
		Release|Any CPU = Release|Any CPU
	EndGlobalSection
	GlobalSection(ProjectConfigurationPlatforms) = postSolution
		{4273B0D4-611B-4449-889C-8D40A4D8817B}.Debug|Any CPU.ActiveCfg = Debug|Any CPU
		{4273B0D4-611B-4449-889C-8D40A4D8817B}.Debug|Any CPU.Build.0 = Debug|Any CPU
		{4273B0D4-611B-4449-889C-8D40A4D8817B}.Release|Any CPU.ActiveCfg = Release|Any CPU
		{4273B0D4-611B-4449-889C-8D40A4D8817B}.Release|Any CPU.Build.0 = Release|Any CPU
	EndGlobalSection
	GlobalSection(SolutionProperties) = preSolution
		HideSolutionNode = FALSE
	EndGlobalSection
EndGlobal
