
Microsoft Visual Studio Solution File, Format Version 12.00
# Visual Studio 2012
Project("{FAE04EC0-301F-11D3-BF4B-00C04F79EFBC}") = "01.LeapYear", "01.LeapYear\01.LeapYear.csproj", "{223B8C72-6545-4467-886C-4D24963D2374}"
EndProject
Project("{FAE04EC0-301F-11D3-BF4B-00C04F79EFBC}") = "03.WhatDayisToday", "03.WhatDayisToday\03.WhatDayisToday.csproj", "{38A1BA00-0974-42EF-8BB3-21768098BC4C}"
EndProject
Project("{FAE04EC0-301F-11D3-BF4B-00C04F79EFBC}") = "02.RandomNumbers", "02.RandomNumbers\02.RandomNumbers.csproj", "{5CADCE90-6211-467E-87FB-2A80172640C4}"
EndProject
Project("{FAE04EC0-301F-11D3-BF4B-00C04F79EFBC}") = "04.TriangleSurface", "04.TriangleSurface\04.TriangleSurface.csproj", "{37E2ABD1-8136-451B-B61E-5300EF73E78E}"
EndProject
Project("{FAE04EC0-301F-11D3-BF4B-00C04F79EFBC}") = "05.Workdays", "05.Workdays\05.Workdays.csproj", "{69CC8CBC-F925-488F-9002-4BEAD2879B81}"
EndProject
Project("{FAE04EC0-301F-11D3-BF4B-00C04F79EFBC}") = "06.SumInString", "06.SumInString\06.SumInString.csproj", "{A8DCF9FF-C2AD-4DB6-BB6D-0C0D265EAC9C}"
EndProject
Global
	GlobalSection(SolutionConfigurationPlatforms) = preSolution
		Debug|Any CPU = Debug|Any CPU
		Release|Any CPU = Release|Any CPU
	EndGlobalSection
	GlobalSection(ProjectConfigurationPlatforms) = postSolution
		{223B8C72-6545-4467-886C-4D24963D2374}.Debug|Any CPU.ActiveCfg = Debug|Any CPU
		{223B8C72-6545-4467-886C-4D24963D2374}.Debug|Any CPU.Build.0 = Debug|Any CPU
		{223B8C72-6545-4467-886C-4D24963D2374}.Release|Any CPU.ActiveCfg = Release|Any CPU
		{223B8C72-6545-4467-886C-4D24963D2374}.Release|Any CPU.Build.0 = Release|Any CPU
		{38A1BA00-0974-42EF-8BB3-21768098BC4C}.Debug|Any CPU.ActiveCfg = Debug|Any CPU
		{38A1BA00-0974-42EF-8BB3-21768098BC4C}.Debug|Any CPU.Build.0 = Debug|Any CPU
		{38A1BA00-0974-42EF-8BB3-21768098BC4C}.Release|Any CPU.ActiveCfg = Release|Any CPU
		{38A1BA00-0974-42EF-8BB3-21768098BC4C}.Release|Any CPU.Build.0 = Release|Any CPU
		{5CADCE90-6211-467E-87FB-2A80172640C4}.Debug|Any CPU.ActiveCfg = Debug|Any CPU
		{5CADCE90-6211-467E-87FB-2A80172640C4}.Debug|Any CPU.Build.0 = Debug|Any CPU
		{5CADCE90-6211-467E-87FB-2A80172640C4}.Release|Any CPU.ActiveCfg = Release|Any CPU
		{5CADCE90-6211-467E-87FB-2A80172640C4}.Release|Any CPU.Build.0 = Release|Any CPU
		{37E2ABD1-8136-451B-B61E-5300EF73E78E}.Debug|Any CPU.ActiveCfg = Debug|Any CPU
		{37E2ABD1-8136-451B-B61E-5300EF73E78E}.Debug|Any CPU.Build.0 = Debug|Any CPU
		{37E2ABD1-8136-451B-B61E-5300EF73E78E}.Release|Any CPU.ActiveCfg = Release|Any CPU
		{37E2ABD1-8136-451B-B61E-5300EF73E78E}.Release|Any CPU.Build.0 = Release|Any CPU
		{69CC8CBC-F925-488F-9002-4BEAD2879B81}.Debug|Any CPU.ActiveCfg = Debug|Any CPU
		{69CC8CBC-F925-488F-9002-4BEAD2879B81}.Debug|Any CPU.Build.0 = Debug|Any CPU
		{69CC8CBC-F925-488F-9002-4BEAD2879B81}.Release|Any CPU.ActiveCfg = Release|Any CPU
		{69CC8CBC-F925-488F-9002-4BEAD2879B81}.Release|Any CPU.Build.0 = Release|Any CPU
		{A8DCF9FF-C2AD-4DB6-BB6D-0C0D265EAC9C}.Debug|Any CPU.ActiveCfg = Debug|Any CPU
		{A8DCF9FF-C2AD-4DB6-BB6D-0C0D265EAC9C}.Debug|Any CPU.Build.0 = Debug|Any CPU
		{A8DCF9FF-C2AD-4DB6-BB6D-0C0D265EAC9C}.Release|Any CPU.ActiveCfg = Release|Any CPU
		{A8DCF9FF-C2AD-4DB6-BB6D-0C0D265EAC9C}.Release|Any CPU.Build.0 = Release|Any CPU
	EndGlobalSection
	GlobalSection(SolutionProperties) = preSolution
		HideSolutionNode = FALSE
	EndGlobalSection
EndGlobal
