
Microsoft Visual Studio Solution File, Format Version 12.00
# Visual Studio 2012
Project("{FAE04EC0-301F-11D3-BF4B-00C04F79EFBC}") = "Phone", "Phone\Phone.csproj", "{C1F57AC9-C624-47EB-8DBF-A02913CE1D60}"
EndProject
Global
	GlobalSection(SolutionConfigurationPlatforms) = preSolution
		Debug|Any CPU = Debug|Any CPU
		Release|Any CPU = Release|Any CPU
	EndGlobalSection
	GlobalSection(ProjectConfigurationPlatforms) = postSolution
		{C1F57AC9-C624-47EB-8DBF-A02913CE1D60}.Debug|Any CPU.ActiveCfg = Debug|Any CPU
		{C1F57AC9-C624-47EB-8DBF-A02913CE1D60}.Debug|Any CPU.Build.0 = Debug|Any CPU
		{C1F57AC9-C624-47EB-8DBF-A02913CE1D60}.Release|Any CPU.ActiveCfg = Release|Any CPU
		{C1F57AC9-C624-47EB-8DBF-A02913CE1D60}.Release|Any CPU.Build.0 = Release|Any CPU
	EndGlobalSection
	GlobalSection(SolutionProperties) = preSolution
		HideSolutionNode = FALSE
	EndGlobalSection
EndGlobal
