
Microsoft Visual Studio Solution File, Format Version 12.00
# Visual Studio 2012
Project("{FAE04EC0-301F-11D3-BF4B-00C04F79EFBC}") = "Arrays", "Arrays\Arrays.csproj", "{3A8CA1D1-94AD-410A-B7AD-5D845D5A7B83}"
EndProject
Global
	GlobalSection(SolutionConfigurationPlatforms) = preSolution
		Debug|Any CPU = Debug|Any CPU
		Release|Any CPU = Release|Any CPU
	EndGlobalSection
	GlobalSection(ProjectConfigurationPlatforms) = postSolution
		{3A8CA1D1-94AD-410A-B7AD-5D845D5A7B83}.Debug|Any CPU.ActiveCfg = Debug|Any CPU
		{3A8CA1D1-94AD-410A-B7AD-5D845D5A7B83}.Debug|Any CPU.Build.0 = Debug|Any CPU
		{3A8CA1D1-94AD-410A-B7AD-5D845D5A7B83}.Release|Any CPU.ActiveCfg = Release|Any CPU
		{3A8CA1D1-94AD-410A-B7AD-5D845D5A7B83}.Release|Any CPU.Build.0 = Release|Any CPU
	EndGlobalSection
	GlobalSection(SolutionProperties) = preSolution
		HideSolutionNode = FALSE
	EndGlobalSection
EndGlobal
