
Microsoft Visual Studio Solution File, Format Version 12.00
# Visual Studio 2012
Project("{FAE04EC0-301F-11D3-BF4B-00C04F79EFBC}") = "01.Events", "01.Events\01.Events.csproj", "{9823038E-9BAD-490E-9387-CF5920F99697}"
EndProject
Global
	GlobalSection(SolutionConfigurationPlatforms) = preSolution
		Debug|Any CPU = Debug|Any CPU
		Release|Any CPU = Release|Any CPU
	EndGlobalSection
	GlobalSection(ProjectConfigurationPlatforms) = postSolution
		{9823038E-9BAD-490E-9387-CF5920F99697}.Debug|Any CPU.ActiveCfg = Debug|Any CPU
		{9823038E-9BAD-490E-9387-CF5920F99697}.Debug|Any CPU.Build.0 = Debug|Any CPU
		{9823038E-9BAD-490E-9387-CF5920F99697}.Release|Any CPU.ActiveCfg = Release|Any CPU
		{9823038E-9BAD-490E-9387-CF5920F99697}.Release|Any CPU.Build.0 = Release|Any CPU
	EndGlobalSection
	GlobalSection(SolutionProperties) = preSolution
		HideSolutionNode = FALSE
	EndGlobalSection
EndGlobal
